# THIS IS AN AUTOGENERATED FILE. DO NOT EDIT THIS FILE DIRECTLY.
# yarn lockfile v1


"@adraffy/ens-normalize@1.8.9":
  version "1.8.9"
  resolved "https://registry.yarnpkg.com/@adraffy/ens-normalize/-/ens-normalize-1.8.9.tgz#67b3acadebbb551669c9a1da15fac951db795b85"
  integrity sha512-93OmGCV0vO8+JQ3FHG+gZk/MPHzzMPDRiCiFcCQNTCnHaaxsacO3ScTPGlu2wX2dOtgfalbchPcw1cOYYjHCYQ==

"@noble/hashes@1.1.2":
  version "1.1.2"
  resolved "https://registry.yarnpkg.com/@noble/hashes/-/hashes-1.1.2.tgz#e9e035b9b166ca0af657a7848eb2718f0f22f183"
  integrity sha512-KYRCASVTv6aeUi1tsF8/vpyR7zpfs3FUzy2Jqm+MU+LmUKhQ0y2FpfwqkCcxSg2ua4GALJd8k2R76WxwZGbQpA==

"@noble/secp256k1@1.7.1":
  version "1.7.1"
  resolved "https://registry.yarnpkg.com/@noble/secp256k1/-/secp256k1-1.7.1.tgz#b251c70f824ce3ca7f8dc3df08d58f005cc0507c"
  integrity sha512-hOUk6AyBFmqVrv7k5WAw/LpszxVbj9gGN4JRkIX52fdFAj1UA61KXmZDvqVEm+pOyec3+fIeZB02LYa/pWOArw==

aes-js@4.0.0-beta.3:
  version "4.0.0-beta.3"
  resolved "https://registry.yarnpkg.com/aes-js/-/aes-js-4.0.0-beta.3.tgz#da2253f0ff03a0b3a9e445c8cbdf78e7fda7d48c"
  integrity sha512-/xJX0/VTPcbc5xQE2VUP91y1xN8q/rDfhEzLm+vLc3hYvb5+qHCnpJRuFcrKn63zumK/sCwYYzhG8HP78JYSTA==

command-exists@^1.2.8:
  version "1.2.9"
  resolved "https://registry.yarnpkg.com/command-exists/-/command-exists-1.2.9.tgz#c50725af3808c8ab0260fd60b01fbfa25b954f69"
  integrity sha512-LTQ/SGc+s0Xc0Fu5WaKnR0YiygZkm9eKFvyS+fRsU7/ZWFF8ykFM6Pc9aCVf1+xasOOZpO3BAVgVrKvsqKHV7w==

commander@^8.1.0:
  version "8.3.0"
  resolved "https://registry.yarnpkg.com/commander/-/commander-8.3.0.tgz#4837ea1b2da67b9c616a67afbb0fafee567bca66"
  integrity sha512-OkTL9umf+He2DZkUq8f8J9of7yL6RJKI24dVITBmNfZBmri9zYZQrKkuXiKhyfPSu8tUhnVBB1iKXevvnlR4Ww==

ethers@^6.0.8:
  version "6.0.8"
  resolved "https://registry.yarnpkg.com/ethers/-/ethers-6.0.8.tgz#a02e31f2771b66ecab6c731c1141b30d9de09174"
  integrity sha512-j5smdMwn4t4vEARcfUv54mTJ2NMCorYLL51wPjFInEnrRr2SF5Sl9a7Z4DXS8UO1fBJVGHnjDDrF1b7msY3f7Q==
  dependencies:
    "@adraffy/ens-normalize" "1.8.9"
    "@noble/hashes" "1.1.2"
    "@noble/secp256k1" "1.7.1"
    aes-js "4.0.0-beta.3"
    tslib "2.4.0"
    ws "8.5.0"

follow-redirects@^1.12.1:
  version "1.15.2"
  resolved "https://registry.yarnpkg.com/follow-redirects/-/follow-redirects-1.15.2.tgz#b460864144ba63f2681096f274c4e57026da2c13"
  integrity sha512-VQLG33o04KaQ8uYi2tVNbdrWp1QWxNNea+nmIB4EVM28v0hmP17z7aG1+wAkNzVq4KeXTq3221ye5qTJP91JwA==

fs-extra@^11.1.0:
  version "11.1.0"
  resolved "https://registry.yarnpkg.com/fs-extra/-/fs-extra-11.1.0.tgz#5784b102104433bb0e090f48bfc4a30742c357ed"
  integrity sha512-0rcTq621PD5jM/e0a3EJoGC/1TC5ZBCERW82LQuwfGnCa1V8w7dpYH1yNu+SLb6E5dkeCBzKEyLGlFrnr+dUyw==
  dependencies:
    graceful-fs "^4.2.0"
    jsonfile "^6.0.1"
    universalify "^2.0.0"

graceful-fs@^4.1.6, graceful-fs@^4.2.0:
  version "4.2.10"
  resolved "https://registry.yarnpkg.com/graceful-fs/-/graceful-fs-4.2.10.tgz#147d3a006da4ca3ce14728c7aefc287c367d7a6c"
  integrity sha512-9ByhssR2fPVsNZj478qUUbKfmL0+t5BDVyjShtyZZLiK7ZDAArFFfopyOTj0M05wE2tJPisA4iTnnXl2YoPvOA==

js-sha3@0.8.0:
  version "0.8.0"
  resolved "https://registry.yarnpkg.com/js-sha3/-/js-sha3-0.8.0.tgz#b9b7a5da73afad7dedd0f8c463954cbde6818840"
  integrity sha512-gF1cRrHhIzNfToc802P800N8PpXS+evLLXfsVpowqmAFR9uwbi89WvXg2QspOmXL8QL86J4T1EpFu+yUkwJY3Q==

jsonfile@^6.0.1:
  version "6.1.0"
  resolved "https://registry.yarnpkg.com/jsonfile/-/jsonfile-6.1.0.tgz#bc55b2634793c679ec6403094eb13698a6ec0aae"
  integrity sha512-5dgndWOriYSm5cnYaJNhalLNDKOqFwyDB/rr1E9ZsGciGvKPs8R2xYGCacuf3z6K1YKDz182fd+fY3cn3pMqXQ==
  dependencies:
    universalify "^2.0.0"
  optionalDependencies:
    graceful-fs "^4.1.6"

memorystream@^0.3.1:
  version "0.3.1"
  resolved "https://registry.yarnpkg.com/memorystream/-/memorystream-0.3.1.tgz#86d7090b30ce455d63fbae12dda51a47ddcaf9b2"
  integrity sha512-S3UwM3yj5mtUSEfP41UZmt/0SCoVYUcU1rkXv+BQ5Ig8ndL4sPoJNBUJERafdPb5jjHJGuMgytgKvKIf58XNBw==

os-tmpdir@~1.0.2:
  version "1.0.2"
  resolved "https://registry.yarnpkg.com/os-tmpdir/-/os-tmpdir-1.0.2.tgz#bbe67406c79aa85c5cfec766fe5734555dfa1274"
  integrity sha512-D2FR03Vir7FIu45XBY20mTb+/ZSWB00sjU9jdQXt83gDrI4Ztz5Fs7/yy74g2N5SVQY4xY1qDr4rNddwYRVX0g==

semver@^5.5.0:
  version "5.7.1"
  resolved "https://registry.yarnpkg.com/semver/-/semver-5.7.1.tgz#a954f931aeba508d307bbf069eff0c01c96116f7"
  integrity sha512-sauaDf/PZdVgrLTNYHRtpXa1iRiKcaebiKQ1BJdpQlWH2lCvexQdX55snPFyK7QzpudqbCI0qXFfOasHdyNDGQ==

solc@^0.8.19:
  version "0.8.19"
  resolved "https://registry.yarnpkg.com/solc/-/solc-0.8.19.tgz#cac6541106ae3cff101c740042c7742aa56a2ed3"
  integrity sha512-yqurS3wzC4LdEvmMobODXqprV4MYJcVtinuxgrp61ac8K2zz40vXA0eSAskSHPgv8dQo7Nux39i3QBsHx4pqyA==
  dependencies:
    command-exists "^1.2.8"
    commander "^8.1.0"
    follow-redirects "^1.12.1"
    js-sha3 "0.8.0"
    memorystream "^0.3.1"
    semver "^5.5.0"
    tmp "0.0.33"

tmp@0.0.33:
  version "0.0.33"
  resolved "https://registry.yarnpkg.com/tmp/-/tmp-0.0.33.tgz#6d34335889768d21b2bcda0aa277ced3b1bfadf9"
  integrity sha512-jRCJlojKnZ3addtTOjdIqoRuPEKBvNXcGYqzO6zWZX8KfKEpnGY5jfggJQ3EjKuu8D4bJRr0y+cYJFmYbImXGw==
  dependencies:
    os-tmpdir "~1.0.2"

tslib@2.4.0:
  version "2.4.0"
  resolved "https://registry.yarnpkg.com/tslib/-/tslib-2.4.0.tgz#7cecaa7f073ce680a05847aa77be941098f36dc3"
  integrity sha512-d6xOpEDfsi2CZVlPQzGeux8XMwLT9hssAsaPYExaQMuYskwb+x1x7J371tWlbBdWHroy99KnVB6qIkUbs5X3UQ==

universalify@^2.0.0:
  version "2.0.0"
  resolved "https://registry.yarnpkg.com/universalify/-/universalify-2.0.0.tgz#75a4984efedc4b08975c5aeb73f530d02df25717"
  integrity sha512-hAZsKq7Yy11Zu1DE0OzWjw7nnLZmJZYTDZZyEFHZdUhV8FkH5MCfoU1XMaxXovpyW5nq5scPqq0ZDP9Zyl04oQ==

ws@8.5.0:
  version "8.5.0"
  resolved "https://registry.yarnpkg.com/ws/-/ws-8.5.0.tgz#bfb4be96600757fe5382de12c670dab984a1ed4f"
  integrity sha512-BWX0SWVgLPzYwF8lTzEy1egjhS4S4OEAHfsO8o65WOVsrnSRGaSiUaa9e0ggGlkMTtBlmOpEXiie9RUcBO86qg==
